
Microsoft Visual Studio Solution File, Format Version 12.00
# Visual Studio Version 16
VisualStudioVersion = 16.0.29920.165
MinimumVisualStudioVersion = 15.0.26124.0
Project("{2150E333-8FDC-42A3-9474-1A3956D46DE8}") = "src", "src", "{118268BC-0D0B-4A8E-ABE7-0B4DEC1ADFD1}"
EndProject
Project("{2150E333-8FDC-42A3-9474-1A3956D46DE8}") = "app", "app", "{7DCD9690-24D3-4F11-9E90-1E2E0E4ABFDB}"
EndProject
Project("{9A19103F-16F7-4668-BE54-9A1E7A4F7556}") = "Gah.HC.Domain", "src\app\Gah.HC.Domain\Gah.HC.Domain.csproj", "{B2A1E438-B0BB-4805-9A93-3F008FCDF7EB}"
EndProject
Project("{9A19103F-16F7-4668-BE54-9A1E7A4F7556}") = "Gah.HC.Commands", "src\app\Gah.HC.Commands\Gah.HC.Commands.csproj", "{42BF9DC5-67AA-4763-8B60-2761052E97E6}"
EndProject
Project("{9A19103F-16F7-4668-BE54-9A1E7A4F7556}") = "Gah.HC.Queries", "src\app\Gah.HC.Queries\Gah.HC.Queries.csproj", "{D2855CB9-AE08-4986-A611-DA538084AEF1}"
EndProject
Project("{9A19103F-16F7-4668-BE54-9A1E7A4F7556}") = "Gah.HC.Repository.Sql", "src\app\Gah.HC.Repository.Sql\Gah.HC.Repository.Sql.csproj", "{FED986FF-570D-4A7C-A349-A438C029A971}"
EndProject
Project("{2150E333-8FDC-42A3-9474-1A3956D46DE8}") = "test", "test", "{E9AF7B66-7ED9-42C1-A2B5-10A8D6E0A225}"
EndProject
Project("{2150E333-8FDC-42A3-9474-1A3956D46DE8}") = "app", "app", "{28D8AE04-2716-4280-BD90-82AAE0CB8827}"
EndProject
Project("{9A19103F-16F7-4668-BE54-9A1E7A4F7556}") = "Gah.HC.Commands.Tests", "test\app\Gah.HC.Commands.Tests\Gah.HC.Commands.Tests.csproj", "{718066DE-13EE-4208-AA8B-0BE82A3073EF}"
EndProject
Project("{9A19103F-16F7-4668-BE54-9A1E7A4F7556}") = "Gah.HC.Domain.Tests", "test\app\Gah.HC.Domain.Tests\Gah.HC.Domain.Tests.csproj", "{FC3D747E-816E-47B9-97E4-9AD0055E8D1C}"
EndProject
Project("{9A19103F-16F7-4668-BE54-9A1E7A4F7556}") = "Gah.HC.Queries.Tests", "test\app\Gah.HC.Queries.Tests\Gah.HC.Queries.Tests.csproj", "{C90A7DF7-AD4A-43BB-86B3-EDEBFD9106EA}"
EndProject
Project("{9A19103F-16F7-4668-BE54-9A1E7A4F7556}") = "Gah.HC.Repository.Sql.Tests", "test\app\Gah.HC.Repository.Sql.Tests\Gah.HC.Repository.Sql.Tests.csproj", "{C1B85501-882B-44D5-A06E-B625EF01106D}"
EndProject
Project("{2150E333-8FDC-42A3-9474-1A3956D46DE8}") = "blocks", "blocks", "{FCEFFA99-7F96-4E4C-A1FD-4ECE0F8BCE21}"
EndProject
Project("{2150E333-8FDC-42A3-9474-1A3956D46DE8}") = "Solution Items", "Solution Items", "{1BAC9B90-7CC3-4666-884C-D7F38AE44871}"
	ProjectSection(SolutionItems) = preProject
		.gitignore = .gitignore
		azure-pipelines.yml = azure-pipelines.yml
		README.md = README.md
	EndProjectSection
EndProject
Project("{9A19103F-16F7-4668-BE54-9A1E7A4F7556}") = "Gah.HC.Repository", "src\app\Gah.HC.Repository\Gah.HC.Repository.csproj", "{2CC65D5D-DBC2-44E9-91B1-9A6B13F52B9D}"
EndProject
Project("{9A19103F-16F7-4668-BE54-9A1E7A4F7556}") = "Gah.HC.Spa", "src\Gah.HC.Spa\Gah.HC.Spa.csproj", "{FDD8A372-6CB5-4B30-8FE4-138AEE4D3D31}"
EndProject
Project("{9A19103F-16F7-4668-BE54-9A1E7A4F7556}") = "Gah.HC.Spa.Tests", "test\Gah.HC.Spa.Tests\Gah.HC.Spa.Tests.csproj", "{CCF2D4EC-7708-46EA-8D26-DCCA0245B9B0}"
EndProject
Project("{9A19103F-16F7-4668-BE54-9A1E7A4F7556}") = "Gah.Blocks.DomainBus", "src\app\blocks\Gah.Blocks.DomainBus\Gah.Blocks.DomainBus.csproj", "{5AAFE597-D951-4191-BAD5-420DFE4784E3}"
EndProject
Project("{FAE04EC0-301F-11D3-BF4B-00C04F79EFBC}") = "Gah.HC.Events", "src\app\Gah.HC.Events\Gah.HC.Events.csproj", "{38088358-DDCD-460F-8DEB-67FDB7B4547C}"
EndProject
Global
	GlobalSection(SolutionConfigurationPlatforms) = preSolution
		Debug|Any CPU = Debug|Any CPU
		Debug|x64 = Debug|x64
		Debug|x86 = Debug|x86
		Release|Any CPU = Release|Any CPU
		Release|x64 = Release|x64
		Release|x86 = Release|x86
	EndGlobalSection
	GlobalSection(ProjectConfigurationPlatforms) = postSolution
		{B2A1E438-B0BB-4805-9A93-3F008FCDF7EB}.Debug|Any CPU.ActiveCfg = Debug|Any CPU
		{B2A1E438-B0BB-4805-9A93-3F008FCDF7EB}.Debug|Any CPU.Build.0 = Debug|Any CPU
		{B2A1E438-B0BB-4805-9A93-3F008FCDF7EB}.Debug|x64.ActiveCfg = Debug|Any CPU
		{B2A1E438-B0BB-4805-9A93-3F008FCDF7EB}.Debug|x64.Build.0 = Debug|Any CPU
		{B2A1E438-B0BB-4805-9A93-3F008FCDF7EB}.Debug|x86.ActiveCfg = Debug|Any CPU
		{B2A1E438-B0BB-4805-9A93-3F008FCDF7EB}.Debug|x86.Build.0 = Debug|Any CPU
		{B2A1E438-B0BB-4805-9A93-3F008FCDF7EB}.Release|Any CPU.ActiveCfg = Release|Any CPU
		{B2A1E438-B0BB-4805-9A93-3F008FCDF7EB}.Release|Any CPU.Build.0 = Release|Any CPU
		{B2A1E438-B0BB-4805-9A93-3F008FCDF7EB}.Release|x64.ActiveCfg = Release|Any CPU
		{B2A1E438-B0BB-4805-9A93-3F008FCDF7EB}.Release|x64.Build.0 = Release|Any CPU
		{B2A1E438-B0BB-4805-9A93-3F008FCDF7EB}.Release|x86.ActiveCfg = Release|Any CPU
		{B2A1E438-B0BB-4805-9A93-3F008FCDF7EB}.Release|x86.Build.0 = Release|Any CPU
		{42BF9DC5-67AA-4763-8B60-2761052E97E6}.Debug|Any CPU.ActiveCfg = Debug|Any CPU
		{42BF9DC5-67AA-4763-8B60-2761052E97E6}.Debug|Any CPU.Build.0 = Debug|Any CPU
		{42BF9DC5-67AA-4763-8B60-2761052E97E6}.Debug|x64.ActiveCfg = Debug|Any CPU
		{42BF9DC5-67AA-4763-8B60-2761052E97E6}.Debug|x64.Build.0 = Debug|Any CPU
		{42BF9DC5-67AA-4763-8B60-2761052E97E6}.Debug|x86.ActiveCfg = Debug|Any CPU
		{42BF9DC5-67AA-4763-8B60-2761052E97E6}.Debug|x86.Build.0 = Debug|Any CPU
		{42BF9DC5-67AA-4763-8B60-2761052E97E6}.Release|Any CPU.ActiveCfg = Release|Any CPU
		{42BF9DC5-67AA-4763-8B60-2761052E97E6}.Release|Any CPU.Build.0 = Release|Any CPU
		{42BF9DC5-67AA-4763-8B60-2761052E97E6}.Release|x64.ActiveCfg = Release|Any CPU
		{42BF9DC5-67AA-4763-8B60-2761052E97E6}.Release|x64.Build.0 = Release|Any CPU
		{42BF9DC5-67AA-4763-8B60-2761052E97E6}.Release|x86.ActiveCfg = Release|Any CPU
		{42BF9DC5-67AA-4763-8B60-2761052E97E6}.Release|x86.Build.0 = Release|Any CPU
		{D2855CB9-AE08-4986-A611-DA538084AEF1}.Debug|Any CPU.ActiveCfg = Debug|Any CPU
		{D2855CB9-AE08-4986-A611-DA538084AEF1}.Debug|Any CPU.Build.0 = Debug|Any CPU
		{D2855CB9-AE08-4986-A611-DA538084AEF1}.Debug|x64.ActiveCfg = Debug|Any CPU
		{D2855CB9-AE08-4986-A611-DA538084AEF1}.Debug|x64.Build.0 = Debug|Any CPU
		{D2855CB9-AE08-4986-A611-DA538084AEF1}.Debug|x86.ActiveCfg = Debug|Any CPU
		{D2855CB9-AE08-4986-A611-DA538084AEF1}.Debug|x86.Build.0 = Debug|Any CPU
		{D2855CB9-AE08-4986-A611-DA538084AEF1}.Release|Any CPU.ActiveCfg = Release|Any CPU
		{D2855CB9-AE08-4986-A611-DA538084AEF1}.Release|Any CPU.Build.0 = Release|Any CPU
		{D2855CB9-AE08-4986-A611-DA538084AEF1}.Release|x64.ActiveCfg = Release|Any CPU
		{D2855CB9-AE08-4986-A611-DA538084AEF1}.Release|x64.Build.0 = Release|Any CPU
		{D2855CB9-AE08-4986-A611-DA538084AEF1}.Release|x86.ActiveCfg = Release|Any CPU
		{D2855CB9-AE08-4986-A611-DA538084AEF1}.Release|x86.Build.0 = Release|Any CPU
		{FED986FF-570D-4A7C-A349-A438C029A971}.Debug|Any CPU.ActiveCfg = Debug|Any CPU
		{FED986FF-570D-4A7C-A349-A438C029A971}.Debug|Any CPU.Build.0 = Debug|Any CPU
		{FED986FF-570D-4A7C-A349-A438C029A971}.Debug|x64.ActiveCfg = Debug|Any CPU
		{FED986FF-570D-4A7C-A349-A438C029A971}.Debug|x64.Build.0 = Debug|Any CPU
		{FED986FF-570D-4A7C-A349-A438C029A971}.Debug|x86.ActiveCfg = Debug|Any CPU
		{FED986FF-570D-4A7C-A349-A438C029A971}.Debug|x86.Build.0 = Debug|Any CPU
		{FED986FF-570D-4A7C-A349-A438C029A971}.Release|Any CPU.ActiveCfg = Release|Any CPU
		{FED986FF-570D-4A7C-A349-A438C029A971}.Release|Any CPU.Build.0 = Release|Any CPU
		{FED986FF-570D-4A7C-A349-A438C029A971}.Release|x64.ActiveCfg = Release|Any CPU
		{FED986FF-570D-4A7C-A349-A438C029A971}.Release|x64.Build.0 = Release|Any CPU
		{FED986FF-570D-4A7C-A349-A438C029A971}.Release|x86.ActiveCfg = Release|Any CPU
		{FED986FF-570D-4A7C-A349-A438C029A971}.Release|x86.Build.0 = Release|Any CPU
		{718066DE-13EE-4208-AA8B-0BE82A3073EF}.Debug|Any CPU.ActiveCfg = Debug|Any CPU
		{718066DE-13EE-4208-AA8B-0BE82A3073EF}.Debug|Any CPU.Build.0 = Debug|Any CPU
		{718066DE-13EE-4208-AA8B-0BE82A3073EF}.Debug|x64.ActiveCfg = Debug|Any CPU
		{718066DE-13EE-4208-AA8B-0BE82A3073EF}.Debug|x64.Build.0 = Debug|Any CPU
		{718066DE-13EE-4208-AA8B-0BE82A3073EF}.Debug|x86.ActiveCfg = Debug|Any CPU
		{718066DE-13EE-4208-AA8B-0BE82A3073EF}.Debug|x86.Build.0 = Debug|Any CPU
		{718066DE-13EE-4208-AA8B-0BE82A3073EF}.Release|Any CPU.ActiveCfg = Release|Any CPU
		{718066DE-13EE-4208-AA8B-0BE82A3073EF}.Release|Any CPU.Build.0 = Release|Any CPU
		{718066DE-13EE-4208-AA8B-0BE82A3073EF}.Release|x64.ActiveCfg = Release|Any CPU
		{718066DE-13EE-4208-AA8B-0BE82A3073EF}.Release|x64.Build.0 = Release|Any CPU
		{718066DE-13EE-4208-AA8B-0BE82A3073EF}.Release|x86.ActiveCfg = Release|Any CPU
		{718066DE-13EE-4208-AA8B-0BE82A3073EF}.Release|x86.Build.0 = Release|Any CPU
		{FC3D747E-816E-47B9-97E4-9AD0055E8D1C}.Debug|Any CPU.ActiveCfg = Debug|Any CPU
		{FC3D747E-816E-47B9-97E4-9AD0055E8D1C}.Debug|Any CPU.Build.0 = Debug|Any CPU
		{FC3D747E-816E-47B9-97E4-9AD0055E8D1C}.Debug|x64.ActiveCfg = Debug|Any CPU
		{FC3D747E-816E-47B9-97E4-9AD0055E8D1C}.Debug|x64.Build.0 = Debug|Any CPU
		{FC3D747E-816E-47B9-97E4-9AD0055E8D1C}.Debug|x86.ActiveCfg = Debug|Any CPU
		{FC3D747E-816E-47B9-97E4-9AD0055E8D1C}.Debug|x86.Build.0 = Debug|Any CPU
		{FC3D747E-816E-47B9-97E4-9AD0055E8D1C}.Release|Any CPU.ActiveCfg = Release|Any CPU
		{FC3D747E-816E-47B9-97E4-9AD0055E8D1C}.Release|Any CPU.Build.0 = Release|Any CPU
		{FC3D747E-816E-47B9-97E4-9AD0055E8D1C}.Release|x64.ActiveCfg = Release|Any CPU
		{FC3D747E-816E-47B9-97E4-9AD0055E8D1C}.Release|x64.Build.0 = Release|Any CPU
		{FC3D747E-816E-47B9-97E4-9AD0055E8D1C}.Release|x86.ActiveCfg = Release|Any CPU
		{FC3D747E-816E-47B9-97E4-9AD0055E8D1C}.Release|x86.Build.0 = Release|Any CPU
		{C90A7DF7-AD4A-43BB-86B3-EDEBFD9106EA}.Debug|Any CPU.ActiveCfg = Debug|Any CPU
		{C90A7DF7-AD4A-43BB-86B3-EDEBFD9106EA}.Debug|Any CPU.Build.0 = Debug|Any CPU
		{C90A7DF7-AD4A-43BB-86B3-EDEBFD9106EA}.Debug|x64.ActiveCfg = Debug|Any CPU
		{C90A7DF7-AD4A-43BB-86B3-EDEBFD9106EA}.Debug|x64.Build.0 = Debug|Any CPU
		{C90A7DF7-AD4A-43BB-86B3-EDEBFD9106EA}.Debug|x86.ActiveCfg = Debug|Any CPU
		{C90A7DF7-AD4A-43BB-86B3-EDEBFD9106EA}.Debug|x86.Build.0 = Debug|Any CPU
		{C90A7DF7-AD4A-43BB-86B3-EDEBFD9106EA}.Release|Any CPU.ActiveCfg = Release|Any CPU
		{C90A7DF7-AD4A-43BB-86B3-EDEBFD9106EA}.Release|Any CPU.Build.0 = Release|Any CPU
		{C90A7DF7-AD4A-43BB-86B3-EDEBFD9106EA}.Release|x64.ActiveCfg = Release|Any CPU
		{C90A7DF7-AD4A-43BB-86B3-EDEBFD9106EA}.Release|x64.Build.0 = Release|Any CPU
		{C90A7DF7-AD4A-43BB-86B3-EDEBFD9106EA}.Release|x86.ActiveCfg = Release|Any CPU
		{C90A7DF7-AD4A-43BB-86B3-EDEBFD9106EA}.Release|x86.Build.0 = Release|Any CPU
		{C1B85501-882B-44D5-A06E-B625EF01106D}.Debug|Any CPU.ActiveCfg = Debug|Any CPU
		{C1B85501-882B-44D5-A06E-B625EF01106D}.Debug|Any CPU.Build.0 = Debug|Any CPU
		{C1B85501-882B-44D5-A06E-B625EF01106D}.Debug|x64.ActiveCfg = Debug|Any CPU
		{C1B85501-882B-44D5-A06E-B625EF01106D}.Debug|x64.Build.0 = Debug|Any CPU
		{C1B85501-882B-44D5-A06E-B625EF01106D}.Debug|x86.ActiveCfg = Debug|Any CPU
		{C1B85501-882B-44D5-A06E-B625EF01106D}.Debug|x86.Build.0 = Debug|Any CPU
		{C1B85501-882B-44D5-A06E-B625EF01106D}.Release|Any CPU.ActiveCfg = Release|Any CPU
		{C1B85501-882B-44D5-A06E-B625EF01106D}.Release|Any CPU.Build.0 = Release|Any CPU
		{C1B85501-882B-44D5-A06E-B625EF01106D}.Release|x64.ActiveCfg = Release|Any CPU
		{C1B85501-882B-44D5-A06E-B625EF01106D}.Release|x64.Build.0 = Release|Any CPU
		{C1B85501-882B-44D5-A06E-B625EF01106D}.Release|x86.ActiveCfg = Release|Any CPU
		{C1B85501-882B-44D5-A06E-B625EF01106D}.Release|x86.Build.0 = Release|Any CPU
		{2CC65D5D-DBC2-44E9-91B1-9A6B13F52B9D}.Debug|Any CPU.ActiveCfg = Debug|Any CPU
		{2CC65D5D-DBC2-44E9-91B1-9A6B13F52B9D}.Debug|Any CPU.Build.0 = Debug|Any CPU
		{2CC65D5D-DBC2-44E9-91B1-9A6B13F52B9D}.Debug|x64.ActiveCfg = Debug|Any CPU
		{2CC65D5D-DBC2-44E9-91B1-9A6B13F52B9D}.Debug|x64.Build.0 = Debug|Any CPU
		{2CC65D5D-DBC2-44E9-91B1-9A6B13F52B9D}.Debug|x86.ActiveCfg = Debug|Any CPU
		{2CC65D5D-DBC2-44E9-91B1-9A6B13F52B9D}.Debug|x86.Build.0 = Debug|Any CPU
		{2CC65D5D-DBC2-44E9-91B1-9A6B13F52B9D}.Release|Any CPU.ActiveCfg = Release|Any CPU
		{2CC65D5D-DBC2-44E9-91B1-9A6B13F52B9D}.Release|Any CPU.Build.0 = Release|Any CPU
		{2CC65D5D-DBC2-44E9-91B1-9A6B13F52B9D}.Release|x64.ActiveCfg = Release|Any CPU
		{2CC65D5D-DBC2-44E9-91B1-9A6B13F52B9D}.Release|x64.Build.0 = Release|Any CPU
		{2CC65D5D-DBC2-44E9-91B1-9A6B13F52B9D}.Release|x86.ActiveCfg = Release|Any CPU
		{2CC65D5D-DBC2-44E9-91B1-9A6B13F52B9D}.Release|x86.Build.0 = Release|Any CPU
		{FDD8A372-6CB5-4B30-8FE4-138AEE4D3D31}.Debug|Any CPU.ActiveCfg = Debug|Any CPU
		{FDD8A372-6CB5-4B30-8FE4-138AEE4D3D31}.Debug|Any CPU.Build.0 = Debug|Any CPU
		{FDD8A372-6CB5-4B30-8FE4-138AEE4D3D31}.Debug|x64.ActiveCfg = Debug|Any CPU
		{FDD8A372-6CB5-4B30-8FE4-138AEE4D3D31}.Debug|x64.Build.0 = Debug|Any CPU
		{FDD8A372-6CB5-4B30-8FE4-138AEE4D3D31}.Debug|x86.ActiveCfg = Debug|Any CPU
		{FDD8A372-6CB5-4B30-8FE4-138AEE4D3D31}.Debug|x86.Build.0 = Debug|Any CPU
		{FDD8A372-6CB5-4B30-8FE4-138AEE4D3D31}.Release|Any CPU.ActiveCfg = Release|Any CPU
		{FDD8A372-6CB5-4B30-8FE4-138AEE4D3D31}.Release|Any CPU.Build.0 = Release|Any CPU
		{FDD8A372-6CB5-4B30-8FE4-138AEE4D3D31}.Release|x64.ActiveCfg = Release|Any CPU
		{FDD8A372-6CB5-4B30-8FE4-138AEE4D3D31}.Release|x64.Build.0 = Release|Any CPU
		{FDD8A372-6CB5-4B30-8FE4-138AEE4D3D31}.Release|x86.ActiveCfg = Release|Any CPU
		{FDD8A372-6CB5-4B30-8FE4-138AEE4D3D31}.Release|x86.Build.0 = Release|Any CPU
		{CCF2D4EC-7708-46EA-8D26-DCCA0245B9B0}.Debug|Any CPU.ActiveCfg = Debug|Any CPU
		{CCF2D4EC-7708-46EA-8D26-DCCA0245B9B0}.Debug|Any CPU.Build.0 = Debug|Any CPU
		{CCF2D4EC-7708-46EA-8D26-DCCA0245B9B0}.Debug|x64.ActiveCfg = Debug|Any CPU
		{CCF2D4EC-7708-46EA-8D26-DCCA0245B9B0}.Debug|x64.Build.0 = Debug|Any CPU
		{CCF2D4EC-7708-46EA-8D26-DCCA0245B9B0}.Debug|x86.ActiveCfg = Debug|Any CPU
		{CCF2D4EC-7708-46EA-8D26-DCCA0245B9B0}.Debug|x86.Build.0 = Debug|Any CPU
		{CCF2D4EC-7708-46EA-8D26-DCCA0245B9B0}.Release|Any CPU.ActiveCfg = Release|Any CPU
		{CCF2D4EC-7708-46EA-8D26-DCCA0245B9B0}.Release|Any CPU.Build.0 = Release|Any CPU
		{CCF2D4EC-7708-46EA-8D26-DCCA0245B9B0}.Release|x64.ActiveCfg = Release|Any CPU
		{CCF2D4EC-7708-46EA-8D26-DCCA0245B9B0}.Release|x64.Build.0 = Release|Any CPU
		{CCF2D4EC-7708-46EA-8D26-DCCA0245B9B0}.Release|x86.ActiveCfg = Release|Any CPU
		{CCF2D4EC-7708-46EA-8D26-DCCA0245B9B0}.Release|x86.Build.0 = Release|Any CPU
		{5AAFE597-D951-4191-BAD5-420DFE4784E3}.Debug|Any CPU.ActiveCfg = Debug|Any CPU
		{5AAFE597-D951-4191-BAD5-420DFE4784E3}.Debug|Any CPU.Build.0 = Debug|Any CPU
		{5AAFE597-D951-4191-BAD5-420DFE4784E3}.Debug|x64.ActiveCfg = Debug|Any CPU
		{5AAFE597-D951-4191-BAD5-420DFE4784E3}.Debug|x64.Build.0 = Debug|Any CPU
		{5AAFE597-D951-4191-BAD5-420DFE4784E3}.Debug|x86.ActiveCfg = Debug|Any CPU
		{5AAFE597-D951-4191-BAD5-420DFE4784E3}.Debug|x86.Build.0 = Debug|Any CPU
		{5AAFE597-D951-4191-BAD5-420DFE4784E3}.Release|Any CPU.ActiveCfg = Release|Any CPU
		{5AAFE597-D951-4191-BAD5-420DFE4784E3}.Release|Any CPU.Build.0 = Release|Any CPU
		{5AAFE597-D951-4191-BAD5-420DFE4784E3}.Release|x64.ActiveCfg = Release|Any CPU
		{5AAFE597-D951-4191-BAD5-420DFE4784E3}.Release|x64.Build.0 = Release|Any CPU
		{5AAFE597-D951-4191-BAD5-420DFE4784E3}.Release|x86.ActiveCfg = Release|Any CPU
		{5AAFE597-D951-4191-BAD5-420DFE4784E3}.Release|x86.Build.0 = Release|Any CPU
		{38088358-DDCD-460F-8DEB-67FDB7B4547C}.Debug|Any CPU.ActiveCfg = Debug|Any CPU
		{38088358-DDCD-460F-8DEB-67FDB7B4547C}.Debug|Any CPU.Build.0 = Debug|Any CPU
		{38088358-DDCD-460F-8DEB-67FDB7B4547C}.Debug|x64.ActiveCfg = Debug|Any CPU
		{38088358-DDCD-460F-8DEB-67FDB7B4547C}.Debug|x64.Build.0 = Debug|Any CPU
		{38088358-DDCD-460F-8DEB-67FDB7B4547C}.Debug|x86.ActiveCfg = Debug|Any CPU
		{38088358-DDCD-460F-8DEB-67FDB7B4547C}.Debug|x86.Build.0 = Debug|Any CPU
		{38088358-DDCD-460F-8DEB-67FDB7B4547C}.Release|Any CPU.ActiveCfg = Release|Any CPU
		{38088358-DDCD-460F-8DEB-67FDB7B4547C}.Release|Any CPU.Build.0 = Release|Any CPU
		{38088358-DDCD-460F-8DEB-67FDB7B4547C}.Release|x64.ActiveCfg = Release|Any CPU
		{38088358-DDCD-460F-8DEB-67FDB7B4547C}.Release|x64.Build.0 = Release|Any CPU
		{38088358-DDCD-460F-8DEB-67FDB7B4547C}.Release|x86.ActiveCfg = Release|Any CPU
		{38088358-DDCD-460F-8DEB-67FDB7B4547C}.Release|x86.Build.0 = Release|Any CPU
	EndGlobalSection
	GlobalSection(SolutionProperties) = preSolution
		HideSolutionNode = FALSE
	EndGlobalSection
	GlobalSection(NestedProjects) = preSolution
		{7DCD9690-24D3-4F11-9E90-1E2E0E4ABFDB} = {118268BC-0D0B-4A8E-ABE7-0B4DEC1ADFD1}
		{B2A1E438-B0BB-4805-9A93-3F008FCDF7EB} = {7DCD9690-24D3-4F11-9E90-1E2E0E4ABFDB}
		{42BF9DC5-67AA-4763-8B60-2761052E97E6} = {7DCD9690-24D3-4F11-9E90-1E2E0E4ABFDB}
		{D2855CB9-AE08-4986-A611-DA538084AEF1} = {7DCD9690-24D3-4F11-9E90-1E2E0E4ABFDB}
		{FED986FF-570D-4A7C-A349-A438C029A971} = {7DCD9690-24D3-4F11-9E90-1E2E0E4ABFDB}
		{28D8AE04-2716-4280-BD90-82AAE0CB8827} = {E9AF7B66-7ED9-42C1-A2B5-10A8D6E0A225}
		{718066DE-13EE-4208-AA8B-0BE82A3073EF} = {28D8AE04-2716-4280-BD90-82AAE0CB8827}
		{FC3D747E-816E-47B9-97E4-9AD0055E8D1C} = {28D8AE04-2716-4280-BD90-82AAE0CB8827}
		{C90A7DF7-AD4A-43BB-86B3-EDEBFD9106EA} = {28D8AE04-2716-4280-BD90-82AAE0CB8827}
		{C1B85501-882B-44D5-A06E-B625EF01106D} = {28D8AE04-2716-4280-BD90-82AAE0CB8827}
		{FCEFFA99-7F96-4E4C-A1FD-4ECE0F8BCE21} = {7DCD9690-24D3-4F11-9E90-1E2E0E4ABFDB}
		{2CC65D5D-DBC2-44E9-91B1-9A6B13F52B9D} = {7DCD9690-24D3-4F11-9E90-1E2E0E4ABFDB}
		{FDD8A372-6CB5-4B30-8FE4-138AEE4D3D31} = {118268BC-0D0B-4A8E-ABE7-0B4DEC1ADFD1}
		{CCF2D4EC-7708-46EA-8D26-DCCA0245B9B0} = {E9AF7B66-7ED9-42C1-A2B5-10A8D6E0A225}
		{5AAFE597-D951-4191-BAD5-420DFE4784E3} = {FCEFFA99-7F96-4E4C-A1FD-4ECE0F8BCE21}
		{38088358-DDCD-460F-8DEB-67FDB7B4547C} = {7DCD9690-24D3-4F11-9E90-1E2E0E4ABFDB}
	EndGlobalSection
	GlobalSection(ExtensibilityGlobals) = postSolution
		SolutionGuid = {95F803DC-C633-4356-BBCD-2FCFEEA21074}
	EndGlobalSection
EndGlobal
